
Microsoft Visual Studio Solution File, Format Version 12.00
# Visual Studio Version 16
VisualStudioVersion = 16.0.31702.278
MinimumVisualStudioVersion = 10.0.40219.1
Project("{FAE04EC0-301F-11D3-BF4B-00C04F79EFBC}") = "WelcomeProject", "WelcomeProject\WelcomeProject.csproj", "{DFDFA8CB-7617-4891-9B3A-404CA096DF2C}"
EndProject
Global
	GlobalSection(SolutionConfigurationPlatforms) = preSolution
		Debug|Any CPU = Debug|Any CPU
		Release|Any CPU = Release|Any CPU
	EndGlobalSection
	GlobalSection(ProjectConfigurationPlatforms) = postSolution
		{DFDFA8CB-7617-4891-9B3A-404CA096DF2C}.Debug|Any CPU.ActiveCfg = Debug|Any CPU
		{DFDFA8CB-7617-4891-9B3A-404CA096DF2C}.Debug|Any CPU.Build.0 = Debug|Any CPU
		{DFDFA8CB-7617-4891-9B3A-404CA096DF2C}.Release|Any CPU.ActiveCfg = Release|Any CPU
		{DFDFA8CB-7617-4891-9B3A-404CA096DF2C}.Release|Any CPU.Build.0 = Release|Any CPU
	EndGlobalSection
	GlobalSection(SolutionProperties) = preSolution
		HideSolutionNode = FALSE
	EndGlobalSection
	GlobalSection(ExtensibilityGlobals) = postSolution
		SolutionGuid = {B07E47A7-FC94-4D52-8DE6-92F052BB80AC}
	EndGlobalSection
EndGlobal
